
Microsoft Visual Studio Solution File, Format Version 12.00
# Visual Studio Version 17
VisualStudioVersion = 17.4.33122.133
MinimumVisualStudioVersion = 10.0.40219.1
Project("{FAE04EC0-301F-11D3-BF4B-00C04F79EFBC}") = "lab3_flags", "lab3_flags.csproj", "{646100A6-3A71-403D-B0A7-216756E7837B}"
EndProject
Global
	GlobalSection(SolutionConfigurationPlatforms) = preSolution
		Debug|Any CPU = Debug|Any CPU
		Release|Any CPU = Release|Any CPU
	EndGlobalSection
	GlobalSection(ProjectConfigurationPlatforms) = postSolution
		{646100A6-3A71-403D-B0A7-216756E7837B}.Debug|Any CPU.ActiveCfg = Debug|Any CPU
		{646100A6-3A71-403D-B0A7-216756E7837B}.Debug|Any CPU.Build.0 = Debug|Any CPU
		{646100A6-3A71-403D-B0A7-216756E7837B}.Release|Any CPU.ActiveCfg = Release|Any CPU
		{646100A6-3A71-403D-B0A7-216756E7837B}.Release|Any CPU.Build.0 = Release|Any CPU
	EndGlobalSection
	GlobalSection(SolutionProperties) = preSolution
		HideSolutionNode = FALSE
	EndGlobalSection
	GlobalSection(ExtensibilityGlobals) = postSolution
		SolutionGuid = {77C54D2F-CD01-4220-BE24-0A54CE22A8BF}
	EndGlobalSection
EndGlobal
